// !$*UTF8*$!
{
	archiveVersion = 1;
	classes = {
	};
	objectVersion = 77;
	objects = {

/* Begin PBXBuildFile section */
		A3AA8E6E303E976400F98957 /* Config.xcconfig in Resources */ = {isa = PBXBuildFile; fileRef = A3AA8E6D303E976400F98957 /* Config.xcconfig */; };
/* End PBXBuildFile section */

/* Begin PBXContainerItemProxy section */
		A3AA8E43303E71B200F98957 /* PBXContainerItemProxy */ = {
			isa = PBXContainerItemProxy;
			containerPortal = A3AA8E2D303E71B000F98957 /* Project object */;
			proxyType = 1;
			remoteGlobalIDString = A3AA8E34303E71B000F98957;
			remoteInfo = RateMyMovie;
		};
		A3AA8E4D303E71B200F98957 /* PBXContainerItemProxy */ = {
			isa = PBXContainerItemProxy;
			containerPortal = A3AA8E2D303E71B000F98957 /* Project object */;
			proxyType = 1;
			remoteGlobalIDString = A3AA8E34303E71B000F98957;
			remoteInfo = RateMyMovie;
		};
/* End PBXContainerItemProxy section */

/* Begin PBXFileReference section */
		A3AA8E35303E71B000F98957 /* RateMyMovie.app */ = {isa = PBXFileReference; explicitFileType = wrapper.application; includeInIndex = 0; path = RateMyMovie.app; sourceTree = BUILT_PRODUCTS_DIR; };
		A3AA8E42303E71B200F98957 /* RateMyMovieTests.xctest */ = {isa = PBXFileReference; explicitFileType = wrapper.cfbundle; includeInIndex = 0; path = RateMyMovieTests.xctest; sourceTree = BUILT_PRODUCTS_DIR; };
		A3AA8E4C303E71B200F98957 /* RateMyMovieUITests.xctest */ = {isa = PBXFileReference; explicitFileType = wrapper.cfbundle; includeInIndex = 0; path = RateMyMovieUITests.xctest; sourceTree = BUILT_PRODUCTS_DIR; };
		A3AA8E6D303E976400F98957 /* Config.xcconfig */ = {isa = PBXFileReference; lastKnownFileType = text.xcconfig; path = Config.xcconfig; sourceTree = "<group>"; };
/* End PBXFileReference section */

/* Begin PBXFileSystemSynchronizedBuildFileExceptionSet section */
		A3AA8E70303E981B00F98957 /* Exceptions for "RateMyMovie" folder in "RateMyMovie" target */ = {
			isa = PBXFileSystemSynchronizedBuildFileExceptionSet;
			membershipExceptions = (
				Info.plist,
			);
			target = A3AA8E34303E71B000F98957 /* RateMyMovie */;
		};
/* End PBXFileSystemSynchronizedBuildFileExceptionSet section */

/* Begin PBXFileSystemSynchronizedRootGroup section */
		A3AA8E37303E71B000F98957 /* RateMyMovie */ = {
			isa = PBXFileSystemSynchronizedRootGroup;
			exceptions = (
				A3AA8E70303E981B00F98957 /* Exceptions for "RateMyMovie" folder in "RateMyMovie" target */,
			);
			path = RateMyMovie;
			sourceTree = "<group>";
		};
		A3AA8E45303E71B200F98957 /* RateMyMovieTests */ = {
			isa = PBXFileSystemSynchronizedRootGroup;
			path = RateMyMovieTests;
			sourceTree = "<group>";
		};
		A3AA8E4F303E71B200F98957 /* RateMyMovieUITests */ = {
			isa = PBXFileSystemSynchronizedRootGroup;
			path = RateMyMovieUITests;
			sourceTree = "<group>";
		};
/* End PBXFileSystemSynchronizedRootGroup section */

/* Begin PBXFrameworksBuildPhase section */
		A3AA8E32303E71B000F98957 /* Frameworks */ = {
			isa = PBXFrameworksBuildPhase;
			buildActionMask = 2147483647;
			files = (
			);
			runOnlyForDeploymentPostprocessing = 0;
		};
		A3AA8E3F303E71B200F98957 /* Frameworks */ = {
			isa = PBXFrameworksBuildPhase;
			buildActionMask = 2147483647;
			files = (
			);
			runOnlyForDeploymentPostprocessing = 0;
		};
		A3AA8E49303E71B200F98957 /* Frameworks */ = {
			isa = PBXFrameworksBuildPhase;
			buildActionMask = 2147483647;
			files = (
			);
			runOnlyForDeploymentPostprocessing = 0;
		};
/* End PBXFrameworksBuildPhase section */

/* Begin PBXGroup section */
		A3AA8E2C303E71B000F98957 = {
			isa = PBXGroup;
			children = (
				A3AA8E37303E71B000F98957 /* RateMyMovie */,
				A3AA8E45303E71B200F98957 /* RateMyMovieTests */,
				A3AA8E4F303E71B200F98957 /* RateMyMovieUITests */,
				A3AA8E36303E71B000F98957 /* Products */,
				A3AA8E6D303E976400F98957 /* Config.xcconfig */,
			);
			sourceTree = "<group>";
		};
		A3AA8E36303E71B000F98957 /* Products */ = {
			isa = PBXGroup;
			children = (
				A3AA8E35303E71B000F98957 /* RateMyMovie.app */,
				A3AA8E42303E71B200F98957 /* RateMyMovieTests.xctest */,
				A3AA8E4C303E71B200F98957 /* RateMyMovieUITests.xctest */,
			);
			name = Products;
			sourceTree = "<group>";
		};
/* End PBXGroup section */

/* Begin PBXNativeTarget section */
		A3AA8E34303E71B000F98957 /* RateMyMovie */ = {
			isa = PBXNativeTarget;
			buildConfigurationList = A3AA8E56303E71B200F98957 /* Build configuration list for PBXNativeTarget "RateMyMovie" */;
			buildPhases = (
				A3AA8E31303E71B000F98957 /* Sources */,
				A3AA8E32303E71B000F98957 /* Frameworks */,
				A3AA8E33303E71B000F98957 /* Resources */,
			);
			buildRules = (
			);
			dependencies = (
			);
			fileSystemSynchronizedGroups = (
				A3AA8E37303E71B000F98957 /* RateMyMovie */,
			);
			name = RateMyMovie;
			packageProductDependencies = (
			);
			productName = RateMyMovie;
			productReference = A3AA8E35303E71B000F98957 /* RateMyMovie.app */;
			productType = "com.apple.product-type.application";
		};
		A3AA8E41303E71B200F98957 /* RateMyMovieTests */ = {
			isa = PBXNativeTarget;
			buildConfigurationList = A3AA8E59303E71B200F98957 /* Build configuration list for PBXNativeTarget "RateMyMovieTests" */;
			buildPhases = (
				A3AA8E3E303E71B200F98957 /* Sources */,
				A3AA8E3F303E71B200F98957 /* Frameworks */,
				A3AA8E40303E71B200F98957 /* Resources */,
			);
			buildRules = (
			);
			dependencies = (
				A3AA8E44303E71B200F98957 /* PBXTargetDependency */,
			);
			fileSystemSynchronizedGroups = (
				A3AA8E45303E71B200F98957 /* RateMyMovieTests */,
			);
			name = RateMyMovieTests;
			packageProductDependencies = (
			);
			productName = RateMyMovieTests;
			productReference = A3AA8E42303E71B200F98957 /* RateMyMovieTests.xctest */;
			productType = "com.apple.product-type.bundle.unit-test";
		};
		A3AA8E4B303E71B200F98957 /* RateMyMovieUITests */ = {
			isa = PBXNativeTarget;
			buildConfigurationList = A3AA8E5C303E71B200F98957 /* Build configuration list for PBXNativeTarget "RateMyMovieUITests" */;
			buildPhases = (
				A3AA8E48303E71B200F98957 /* Sources */,
				A3AA8E49303E71B200F98957 /* Frameworks */,
				A3AA8E4A303E71B200F98957 /* Resources */,
			);
			buildRules = (
			);
			dependencies = (
				A3AA8E4E303E71B200F98957 /* PBXTargetDependency */,
			);
			fileSystemSynchronizedGroups = (
				A3AA8E4F303E71B200F98957 /* RateMyMovieUITests */,
			);
			name = RateMyMovieUITests;
			packageProductDependencies = (
			);
			productName = RateMyMovieUITests;
			productReference = A3AA8E4C303E71B200F98957 /* RateMyMovieUITests.xctest */;
			productType = "com.apple.product-type.bundle.ui-testing";
		};
/* End PBXNativeTarget section */

/* Begin PBXProject section */
		A3AA8E2D303E71B000F98957 /* Project object */ = {
			isa = PBXProject;
			attributes = {
				BuildIndependentTargetsInParallel = 1;
				LastSwiftUpdateCheck = 2660;
				LastUpgradeCheck = 2660;
				TargetAttributes = {
					A3AA8E34303E71B000F98957 = {
						CreatedOnToolsVersion = 26.6;
					};
					A3AA8E41303E71B200F98957 = {
						CreatedOnToolsVersion = 26.6;
						TestTargetID = A3AA8E34303E71B000F98957;
					};
					A3AA8E4B303E71B200F98957 = {
						CreatedOnToolsVersion = 26.6;
						TestTargetID = A3AA8E34303E71B000F98957;
					};
				};
			};
			buildConfigurationList = A3AA8E30303E71B000F98957 /* Build configuration list for PBXProject "RateMyMovie" */;
			developmentRegion = en;
			hasScannedForEncodings = 0;
			knownRegions = (
				en,
				Base,
			);
			mainGroup = A3AA8E2C303E71B000F98957;
			minimizedProjectReferenceProxies = 1;
			preferredProjectObjectVersion = 77;
			productRefGroup = A3AA8E36303E71B000F98957 /* Products */;
			projectDirPath = "";
			projectRoot = "";
			targets = (
				A3AA8E34303E71B000F98957 /* RateMyMovie */,
				A3AA8E41303E71B200F98957 /* RateMyMovieTests */,
				A3AA8E4B303E71B200F98957 /* RateMyMovieUITests */,
			);
		};
/* End PBXProject section */

/* Begin PBXResourcesBuildPhase section */
		A3AA8E33303E71B000F98957 /* Resources */ = {
			isa = PBXResourcesBuildPhase;
			buildActionMask = 2147483647;
			files = (
				A3AA8E6E303E976400F98957 /* Config.xcconfig in Resources */,
			);
			runOnlyForDeploymentPostprocessing = 0;
		};
		A3AA8E40303E71B200F98957 /* Resources */ = {
			isa = PBXResourcesBuildPhase;
			buildActionMask = 2147483647;
			files = (
			);
			runOnlyForDeploymentPostprocessing = 0;
		};
		A3AA8E4A303E71B200F98957 /* Resources */ = {
			isa = PBXResourcesBuildPhase;
			buildActionMask = 2147483647;
			files = (
			);
			runOnlyForDeploymentPostprocessing = 0;
		};
/* End PBXResourcesBuildPhase section */

/* Begin PBXSourcesBuildPhase section */
		A3AA8E31303E71B000F98957 /* Sources */ = {
			isa = PBXSourcesBuildPhase;
			buildActionMask = 2147483647;
			files = (
			);
			runOnlyForDeploymentPostprocessing = 0;
		};
		A3AA8E3E303E71B200F98957 /* Sources */ = {
			isa = PBXSourcesBuildPhase;
			buildActionMask = 2147483647;
			files = (
			);
			runOnlyForDeploymentPostprocessing = 0;
		};
		A3AA8E48303E71B200F98957 /* Sources */ = {
			isa = PBXSourcesBuildPhase;
			buildActionMask = 2147483647;
			files = (
			);
			runOnlyForDeploymentPostprocessing = 0;
		};
/* End PBXSourcesBuildPhase section */

/* Begin PBXTargetDependency section */
		A3AA8E44303E71B200F98957 /* PBXTargetDependency */ = {
			isa = PBXTargetDependency;
			target = A3AA8E34303E71B000F98957 /* RateMyMovie */;
			targetProxy = A3AA8E43303E71B200F98957 /* PBXContainerItemProxy */;
		};
		A3AA8E4E303E71B200F98957 /* PBXTargetDependency */ = {
			isa = PBXTargetDependency;
			target = A3AA8E34303E71B000F98957 /* RateMyMovie */;
			targetProxy = A3AA8E4D303E71B200F98957 /* PBXContainerItemProxy */;
		};
/* End PBXTargetDependency section */

/* Begin XCBuildConfiguration section */
		A3AA8E54303E71B200F98957 /* Debug */ = {
			isa = XCBuildConfiguration;
			buildSettings = {
				ALWAYS_SEARCH_USER_PATHS = NO;
				ASSETCATALOG_COMPILER_GENERATE_SWIFT_ASSET_SYMBOL_EXTENSIONS = YES;
				CLANG_ANALYZER_NONNULL = YES;
				CLANG_ANALYZER_NUMBER_OBJECT_CONVERSION = YES_AGGRESSIVE;
				CLANG_CXX_LANGUAGE_STANDARD = "gnu++20";
				CLANG_ENABLE_MODULES = YES;
				CLANG_ENABLE_OBJC_ARC = YES;
				CLANG_ENABLE_OBJC_WEAK = YES;
				CLANG_WARN_BLOCK_CAPTURE_AUTORELEASING = YES;
				CLANG_WARN_BOOL_CONVERSION = YES;
				CLANG_WARN_COMMA = YES;
				CLANG_WARN_CONSTANT_CONVERSION = YES;
				CLANG_WARN_DEPRECATED_OBJC_IMPLEMENTATIONS = YES;
				CLANG_WARN_DIRECT_OBJC_ISA_USAGE = YES_ERROR;
				CLANG_WARN_DOCUMENTATION_COMMENTS = YES;
				CLANG_WARN_EMPTY_BODY = YES;
				CLANG_WARN_ENUM_CONVERSION = YES;
				CLANG_WARN_INFINITE_RECURSION = YES;
				CLANG_WARN_INT_CONVERSION = YES;
				CLANG_WARN_NON_LITERAL_NULL_CONVERSION = YES;
				CLANG_WARN_OBJC_IMPLICIT_RETAIN_SELF = YES;
				CLANG_WARN_OBJC_LITERAL_CONVERSION = YES;
				CLANG_WARN_OBJC_ROOT_CLASS = YES_ERROR;
				CLANG_WARN_QUOTED_INCLUDE_IN_FRAMEWORK_HEADER = YES;
				CLANG_WARN_RANGE_LOOP_ANALYSIS = YES;
				CLANG_WARN_STRICT_PROTOTYPES = YES;
				CLANG_WARN_SUSPICIOUS_MOVE = YES;
				CLANG_WARN_UNGUARDED_AVAILABILITY = YES_AGGRESSIVE;
				CLANG_WARN_UNREACHABLE_CODE = YES;
				CLANG_WARN__DUPLICATE_METHOD_MATCH = YES;
				COPY_PHASE_STRIP = NO;
				DEBUG_INFORMATION_FORMAT = dwarf;
				ENABLE_STRICT_OBJC_MSGSEND = YES;
				ENABLE_TESTABILITY = YES;
				ENABLE_USER_SCRIPT_SANDBOXING = YES;
				GCC_C_LANGUAGE_STANDARD = gnu17;
				GCC_DYNAMIC_NO_PIC = NO;
				GCC_NO_COMMON_BLOCKS = YES;
				GCC_OPTIMIZATION_LEVEL = 0;
				GCC_PREPROCESSOR_DEFINITIONS = (
					"DEBUG=1",
					"$(inherited)",
				);
				GCC_WARN_64_TO_32_BIT_CONVERSION = YES;
				GCC_WARN_ABOUT_RETURN_TYPE = YES_ERROR;
				GCC_WARN_UNDECLARED_SELECTOR = YES;
				GCC_WARN_UNINITIALIZED_AUTOS = YES_AGGRESSIVE;
				GCC_WARN_UNUSED_FUNCTION = YES;
				GCC_WARN_UNUSED_VARIABLE = YES;
				IPHONEOS_DEPLOYMENT_TARGET = 26.5;
				LOCALIZATION_PREFERS_STRING_CATALOGS = YES;
				MTL_ENABLE_DEBUG_INFO = INCLUDE_SOURCE;
				MTL_FAST_MATH = YES;
				ONLY_ACTIVE_ARCH = YES;
				SDKROOT = iphoneos;
				SWIFT_ACTIVE_COMPILATION_CONDITIONS = "DEBUG $(inherited)";
				SWIFT_OPTIMIZATION_LEVEL = "-Onone";
			};
			name = Debug;
		};
		A3AA8E55303E71B200F98957 /* Release */ = {
			isa = XCBuildConfiguration;
			buildSettings = {
				ALWAYS_SEARCH_USER_PATHS = NO;
				ASSETCATALOG_COMPILER_GENERATE_SWIFT_ASSET_SYMBOL_EXTENSIONS = YES;
				CLANG_ANALYZER_NONNULL = YES;
				CLANG_ANALYZER_NUMBER_OBJECT_CONVERSION = YES_AGGRESSIVE;
				CLANG_CXX_LANGUAGE_STANDARD = "gnu++20";
				CLANG_ENABLE_MODULES = YES;
				CLANG_ENABLE_OBJC_ARC = YES;
				CLANG_ENABLE_OBJC_WEAK = YES;
				CLANG_WARN_BLOCK_CAPTURE_AUTORELEASING = YES;
				CLANG_WARN_BOOL_CONVERSION = YES;
				CLANG_WARN_COMMA = YES;
				CLANG_WARN_CONSTANT_CONVERSION = YES;
				CLANG_WARN_DEPRECATED_OBJC_IMPLEMENTATIONS = YES;
				CLANG_WARN_DIRECT_OBJC_ISA_USAGE = YES_ERROR;
				CLANG_WARN_DOCUMENTATION_COMMENTS = YES;
				CLANG_WARN_EMPTY_BODY = YES;
				CLANG_WARN_ENUM_CONVERSION = YES;
				CLANG_WARN_INFINITE_RECURSION = YES;
				CLANG_WARN_INT_CONVERSION = YES;
				CLANG_WARN_NON_LITERAL_NULL_CONVERSION = YES;
				CLANG_WARN_OBJC_IMPLICIT_RETAIN_SELF = YES;
				CLANG_WARN_OBJC_LITERAL_CONVERSION = YES;
				CLANG_WARN_OBJC_ROOT_CLASS = YES_ERROR;
				CLANG_WARN_QUOTED_INCLUDE_IN_FRAMEWORK_HEADER = YES;
				CLANG_WARN_RANGE_LOOP_ANALYSIS = YES;
				CLANG_WARN_STRICT_PROTOTYPES = YES;
				CLANG_WARN_SUSPICIOUS_MOVE = YES;
				CLANG_WARN_UNGUARDED_AVAILABILITY = YES_AGGRESSIVE;
				CLANG_WARN_UNREACHABLE_CODE = YES;
				CLANG_WARN__DUPLICATE_METHOD_MATCH = YES;
				COPY_PHASE_STRIP = NO;
				DEBUG_INFORMATION_FORMAT = "dwarf-with-dsym";
				ENABLE_NS_ASSERTIONS = NO;
				ENABLE_STRICT_OBJC_MSGSEND = YES;
				ENABLE_USER_SCRIPT_SANDBOXING = YES;
				GCC_C_LANGUAGE_STANDARD = gnu17;
				GCC_NO_COMMON_BLOCKS = YES;
				GCC_WARN_64_TO_32_BIT_CONVERSION = YES;
				GCC_WARN_ABOUT_RETURN_TYPE = YES_ERROR;
				GCC_WARN_UNDECLARED_SELECTOR = YES;
				GCC_WARN_UNINITIALIZED_AUTOS = YES_AGGRESSIVE;
				GCC_WARN_UNUSED_FUNCTION = YES;
				GCC_WARN_UNUSED_VARIABLE = YES;
				IPHONEOS_DEPLOYMENT_TARGET = 26.5;
				LOCALIZATION_PREFERS_STRING_CATALOGS = YES;
				MTL_ENABLE_DEBUG_INFO = NO;
				MTL_FAST_MATH = YES;
				SDKROOT = iphoneos;
				SWIFT_COMPILATION_MODE = wholemodule;
				VALIDATE_PRODUCT = YES;
			};
			name = Release;
		};
		A3AA8E57303E71B200F98957 /* Debug */ = {
			isa = XCBuildConfiguration;
			baseConfigurationReference = A3AA8E6D303E976400F98957 /* Config.xcconfig */;
			buildSettings = {
				ASSETCATALOG_COMPILER_APPICON_NAME = AppIcon;
				ASSETCATALOG_COMPILER_GLOBAL_ACCENT_COLOR_NAME = AccentColor;
				CODE_SIGN_STYLE = Automatic;
				CURRENT_PROJECT_VERSION = 1;
				ENABLE_PREVIEWS = YES;
				GENERATE_INFOPLIST_FILE = YES;
				INFOPLIST_FILE = RateMyMovie/Info.plist;
				INFOPLIST_KEY_UIApplicationSceneManifest_Generation = YES;
				INFOPLIST_KEY_UIApplicationSupportsIndirectInputEvents = YES;
				INFOPLIST_KEY_UILaunchScreen_Generation = YES;
				INFOPLIST_KEY_UISupportedInterfaceOrientations_iPad = "UIInterfaceOrientationPortrait UIInterfaceOrientationPortraitUpsideDown UIInterfaceOrientationLandscapeLeft UIInterfaceOrientationLandscapeRight";
				INFOPLIST_KEY_UISupportedInterfaceOrientations_iPhone = "UIInterfaceOrientationPortrait UIInterfaceOrientationLandscapeLeft UIInterfaceOrientationLandscapeRight";
				LD_RUNPATH_SEARCH_PATHS = (
					"$(inherited)",
					"@executable_path/Frameworks",
				);
				MARKETING_VERSION = 1.0;
				PRODUCT_BUNDLE_IDENTIFIER = com.alfredo.RateMyMovie;
				PRODUCT_NAME = "$(TARGET_NAME)";
				STRING_CATALOG_GENERATE_SYMBOLS = YES;
				SWIFT_APPROACHABLE_CONCURRENCY = YES;
				SWIFT_DEFAULT_ACTOR_ISOLATION = MainActor;
				SWIFT_EMIT_LOC_STRINGS = YES;
				SWIFT_UPCOMING_FEATURE_MEMBER_IMPORT_VISIBILITY = YES;
				SWIFT_VERSION = 5.0;
				TARGETED_DEVICE_FAMILY = "1,2";
			};
			name = Debug;
		};
		A3AA8E58303E71B200F98957 /* Release */ = {
			isa = XCBuildConfiguration;
			baseConfigurationReference = A3AA8E6D303E976400F98957 /* Config.xcconfig */;
			buildSettings = {
				ASSETCATALOG_COMPILER_APPICON_NAME = AppIcon;
				ASSETCATALOG_COMPILER_GLOBAL_ACCENT_COLOR_NAME = AccentColor;
				CODE_SIGN_STYLE = Automatic;
				CURRENT_PROJECT_VERSION = 1;
				ENABLE_PREVIEWS = YES;
				GENERATE_INFOPLIST_FILE = YES;
				INFOPLIST_FILE = RateMyMovie/Info.plist;
				INFOPLIST_KEY_UIApplicationSceneManifest_Generation = YES;
				INFOPLIST_KEY_UIApplicationSupportsIndirectInputEvents = YES;
				INFOPLIST_KEY_UILaunchScreen_Generation = YES;
				INFOPLIST_KEY_UISupportedInterfaceOrientations_iPad = "UIInterfaceOrientationPortrait UIInterfaceOrientationPortraitUpsideDown UIInterfaceOrientationLandscapeLeft UIInterfaceOrientationLandscapeRight";
				INFOPLIST_KEY_UISupportedInterfaceOrientations_iPhone = "UIInterfaceOrientationPortrait UIInterfaceOrientationLandscapeLeft UIInterfaceOrientationLandscapeRight";
				LD_RUNPATH_SEARCH_PATHS = (
					"$(inherited)",
					"@executable_path/Frameworks",
				);
				MARKETING_VERSION = 1.0;
				PRODUCT_BUNDLE_IDENTIFIER = com.alfredo.RateMyMovie;
				PRODUCT_NAME = "$(TARGET_NAME)";
				STRING_CATALOG_GENERATE_SYMBOLS = YES;
				SWIFT_APPROACHABLE_CONCURRENCY = YES;
				SWIFT_DEFAULT_ACTOR_ISOLATION = MainActor;
				SWIFT_EMIT_LOC_STRINGS = YES;
				SWIFT_UPCOMING_FEATURE_MEMBER_IMPORT_VISIBILITY = YES;
				SWIFT_VERSION = 5.0;
				TARGETED_DEVICE_FAMILY = "1,2";
			};
			name = Release;
		};
		A3AA8E5A303E71B200F98957 /* Debug */ = {
			isa = XCBuildConfiguration;
			buildSettings = {
				BUNDLE_LOADER = "$(TEST_HOST)";
				CODE_SIGN_STYLE = Automatic;
				CURRENT_PROJECT_VERSION = 1;
				GENERATE_INFOPLIST_FILE = YES;
				IPHONEOS_DEPLOYMENT_TARGET = 26.5;
				MARKETING_VERSION = 1.0;
				PRODUCT_BUNDLE_IDENTIFIER = com.alfredo.RateMyMovieTests;
				PRODUCT_NAME = "$(TARGET_NAME)";
				STRING_CATALOG_GENERATE_SYMBOLS = NO;
				SWIFT_APPROACHABLE_CONCURRENCY = YES;
				SWIFT_EMIT_LOC_STRINGS = NO;
				SWIFT_UPCOMING_FEATURE_MEMBER_IMPORT_VISIBILITY = YES;
				SWIFT_VERSION = 5.0;
				TARGETED_DEVICE_FAMILY = "1,2";
				TEST_HOST = "$(BUILT_PRODUCTS_DIR)/RateMyMovie.app/$(BUNDLE_EXECUTABLE_FOLDER_PATH)/RateMyMovie";
			};
			name = Debug;
		};
		A3AA8E5B303E71B200F98957 /* Release */ = {
			isa = XCBuildConfiguration;
			buildSettings = {
				BUNDLE_LOADER = "$(TEST_HOST)";
				CODE_SIGN_STYLE = Automatic;
				CURRENT_PROJECT_VERSION = 1;
				GENERATE_INFOPLIST_FILE = YES;
				IPHONEOS_DEPLOYMENT_TARGET = 26.5;
				MARKETING_VERSION = 1.0;
				PRODUCT_BUNDLE_IDENTIFIER = com.alfredo.RateMyMovieTests;
				PRODUCT_NAME = "$(TARGET_NAME)";
				STRING_CATALOG_GENERATE_SYMBOLS = NO;
				SWIFT_APPROACHABLE_CONCURRENCY = YES;
				SWIFT_EMIT_LOC_STRINGS = NO;
				SWIFT_UPCOMING_FEATURE_MEMBER_IMPORT_VISIBILITY = YES;
				SWIFT_VERSION = 5.0;
				TARGETED_DEVICE_FAMILY = "1,2";
				TEST_HOST = "$(BUILT_PRODUCTS_DIR)/RateMyMovie.app/$(BUNDLE_EXECUTABLE_FOLDER_PATH)/RateMyMovie";
			};
			name = Release;
		};
		A3AA8E5D303E71B200F98957 /* Debug */ = {
			isa = XCBuildConfiguration;
			buildSettings = {
				CODE_SIGN_STYLE = Automatic;
				CURRENT_PROJECT_VERSION = 1;
				GENERATE_INFOPLIST_FILE = YES;
				MARKETING_VERSION = 1.0;
				PRODUCT_BUNDLE_IDENTIFIER = com.alfredo.RateMyMovieUITests;
				PRODUCT_NAME = "$(TARGET_NAME)";
				STRING_CATALOG_GENERATE_SYMBOLS = NO;
				SWIFT_APPROACHABLE_CONCURRENCY = YES;
				SWIFT_EMIT_LOC_STRINGS = NO;
				SWIFT_UPCOMING_FEATURE_MEMBER_IMPORT_VISIBILITY = YES;
				SWIFT_VERSION = 5.0;
				TARGETED_DEVICE_FAMILY = "1,2";
				TEST_TARGET_NAME = RateMyMovie;
			};
			name = Debug;
		};
		A3AA8E5E303E71B200F98957 /* Release */ = {
			isa = XCBuildConfiguration;
			buildSettings = {
				CODE_SIGN_STYLE = Automatic;
				CURRENT_PROJECT_VERSION = 1;
				GENERATE_INFOPLIST_FILE = YES;
				MARKETING_VERSION = 1.0;
				PRODUCT_BUNDLE_IDENTIFIER = com.alfredo.RateMyMovieUITests;
				PRODUCT_NAME = "$(TARGET_NAME)";
				STRING_CATALOG_GENERATE_SYMBOLS = NO;
				SWIFT_APPROACHABLE_CONCURRENCY = YES;
				SWIFT_EMIT_LOC_STRINGS = NO;
				SWIFT_UPCOMING_FEATURE_MEMBER_IMPORT_VISIBILITY = YES;
				SWIFT_VERSION = 5.0;
				TARGETED_DEVICE_FAMILY = "1,2";
				TEST_TARGET_NAME = RateMyMovie;
			};
			name = Release;
		};
/* End XCBuildConfiguration section */

/* Begin XCConfigurationList section */
		A3AA8E30303E71B000F98957 /* Build configuration list for PBXProject "RateMyMovie" */ = {
			isa = XCConfigurationList;
			buildConfigurations = (
				A3AA8E54303E71B200F98957 /* Debug */,
				A3AA8E55303E71B200F98957 /* Release */,
			);
			defaultConfigurationIsVisible = 0;
			defaultConfigurationName = Release;
		};
		A3AA8E56303E71B200F98957 /* Build configuration list for PBXNativeTarget "RateMyMovie" */ = {
			isa = XCConfigurationList;
			buildConfigurations = (
				A3AA8E57303E71B200F98957 /* Debug */,
				A3AA8E58303E71B200F98957 /* Release */,
			);
			defaultConfigurationIsVisible = 0;
			defaultConfigurationName = Release;
		};
		A3AA8E59303E71B200F98957 /* Build configuration list for PBXNativeTarget "RateMyMovieTests" */ = {
			isa = XCConfigurationList;
			buildConfigurations = (
				A3AA8E5A303E71B200F98957 /* Debug */,
				A3AA8E5B303E71B200F98957 /* Release */,
			);
			defaultConfigurationIsVisible = 0;
			defaultConfigurationName = Release;
		};
		A3AA8E5C303E71B200F98957 /* Build configuration list for PBXNativeTarget "RateMyMovieUITests" */ = {
			isa = XCConfigurationList;
			buildConfigurations = (
				A3AA8E5D303E71B200F98957 /* Debug */,
				A3AA8E5E303E71B200F98957 /* Release */,
			);
			defaultConfigurationIsVisible = 0;
			defaultConfigurationName = Release;
		};
/* End XCConfigurationList section */
	};
	rootObject = A3AA8E2D303E71B000F98957 /* Project object */;
}
